
Microsoft Visual Studio Solution File, Format Version 12.00
# Visual Studio Version 17
VisualStudioVersion = 17.5.002.0
MinimumVisualStudioVersion = 10.0.40219.1
Project("{9A19103F-16F7-4668-BE54-9A1E7A4F7556}") = "SynchronousClient", "SynchronousClient.csproj", "{A23CB942-2C67-4E18-B3DC-594F8F33A0A4}"
EndProject
Global
	GlobalSection(SolutionConfigurationPlatforms) = preSolution
		Debug|Any CPU = Debug|Any CPU
		Release|Any CPU = Release|Any CPU
	EndGlobalSection
	GlobalSection(ProjectConfigurationPlatforms) = postSolution
		{A23CB942-2C67-4E18-B3DC-594F8F33A0A4}.Debug|Any CPU.ActiveCfg = Debug|Any CPU
		{A23CB942-2C67-4E18-B3DC-594F8F33A0A4}.Debug|Any CPU.Build.0 = Debug|Any CPU
		{A23CB942-2C67-4E18-B3DC-594F8F33A0A4}.Release|Any CPU.ActiveCfg = Release|Any CPU
		{A23CB942-2C67-4E18-B3DC-594F8F33A0A4}.Release|Any CPU.Build.0 = Release|Any CPU
	EndGlobalSection
	GlobalSection(SolutionProperties) = preSolution
		HideSolutionNode = FALSE
	EndGlobalSection
	GlobalSection(ExtensibilityGlobals) = postSolution
		SolutionGuid = {BE2BB1F9-41C6-4440-A61E-81FE8C8A152D}
	EndGlobalSection
EndGlobal
