
Microsoft Visual Studio Solution File, Format Version 12.00
# Visual Studio Version 17
VisualStudioVersion = 17.5.002.0
MinimumVisualStudioVersion = 10.0.40219.1
Project("{9A19103F-16F7-4668-BE54-9A1E7A4F7556}") = "AsynchronousClient", "AsynchronousClient.csproj", "{1A5FD800-752A-4E4B-AF70-3B0252DED89A}"
EndProject
Global
	GlobalSection(SolutionConfigurationPlatforms) = preSolution
		Debug|Any CPU = Debug|Any CPU
		Release|Any CPU = Release|Any CPU
	EndGlobalSection
	GlobalSection(ProjectConfigurationPlatforms) = postSolution
		{1A5FD800-752A-4E4B-AF70-3B0252DED89A}.Debug|Any CPU.ActiveCfg = Debug|Any CPU
		{1A5FD800-752A-4E4B-AF70-3B0252DED89A}.Debug|Any CPU.Build.0 = Debug|Any CPU
		{1A5FD800-752A-4E4B-AF70-3B0252DED89A}.Release|Any CPU.ActiveCfg = Release|Any CPU
		{1A5FD800-752A-4E4B-AF70-3B0252DED89A}.Release|Any CPU.Build.0 = Release|Any CPU
	EndGlobalSection
	GlobalSection(SolutionProperties) = preSolution
		HideSolutionNode = FALSE
	EndGlobalSection
	GlobalSection(ExtensibilityGlobals) = postSolution
		SolutionGuid = {1FA2A8CF-E203-47F0-AFD7-397DADDCF535}
	EndGlobalSection
EndGlobal
