
Microsoft Visual Studio Solution File, Format Version 12.00
# Visual Studio Version 17
VisualStudioVersion = 17.11.35312.102
MinimumVisualStudioVersion = 10.0.40219.1
Project("{9A19103F-16F7-4668-BE54-9A1E7A4F7556}") = "Multi Con S", "Multi Con S.csproj", "{2B6EB26F-3DC3-4F87-8A01-CD31585B37F8}"
EndProject
Project("{FAE04EC0-301F-11D3-BF4B-00C04F79EFBC}") = "Multi Con C", "..\Multi Con C\Multi Con C.csproj", "{14151973-F9BC-4328-857D-85B4E5FF9BDA}"
EndProject
Global
	GlobalSection(SolutionConfigurationPlatforms) = preSolution
		Debug|Any CPU = Debug|Any CPU
		Release|Any CPU = Release|Any CPU
	EndGlobalSection
	GlobalSection(ProjectConfigurationPlatforms) = postSolution
		{2B6EB26F-3DC3-4F87-8A01-CD31585B37F8}.Debug|Any CPU.ActiveCfg = Debug|Any CPU
		{2B6EB26F-3DC3-4F87-8A01-CD31585B37F8}.Debug|Any CPU.Build.0 = Debug|Any CPU
		{2B6EB26F-3DC3-4F87-8A01-CD31585B37F8}.Release|Any CPU.ActiveCfg = Release|Any CPU
		{2B6EB26F-3DC3-4F87-8A01-CD31585B37F8}.Release|Any CPU.Build.0 = Release|Any CPU
		{14151973-F9BC-4328-857D-85B4E5FF9BDA}.Debug|Any CPU.ActiveCfg = Debug|Any CPU
		{14151973-F9BC-4328-857D-85B4E5FF9BDA}.Debug|Any CPU.Build.0 = Debug|Any CPU
		{14151973-F9BC-4328-857D-85B4E5FF9BDA}.Release|Any CPU.ActiveCfg = Release|Any CPU
		{14151973-F9BC-4328-857D-85B4E5FF9BDA}.Release|Any CPU.Build.0 = Release|Any CPU
	EndGlobalSection
	GlobalSection(SolutionProperties) = preSolution
		HideSolutionNode = FALSE
	EndGlobalSection
	GlobalSection(ExtensibilityGlobals) = postSolution
		SolutionGuid = {77F4EC1B-9186-4539-B99D-4DCF40AA82C9}
	EndGlobalSection
EndGlobal
