
Microsoft Visual Studio Solution File, Format Version 12.00
# Visual Studio Version 17
VisualStudioVersion = 17.11.35312.102
MinimumVisualStudioVersion = 10.0.40219.1
Project("{FAE04EC0-301F-11D3-BF4B-00C04F79EFBC}") = "YoutubeServer", "YoutubeServer.csproj", "{0BB5F364-1933-4E99-A5C0-2DE526F917B5}"
EndProject
Global
	GlobalSection(SolutionConfigurationPlatforms) = preSolution
		Debug|Any CPU = Debug|Any CPU
		Release|Any CPU = Release|Any CPU
	EndGlobalSection
	GlobalSection(ProjectConfigurationPlatforms) = postSolution
		{0BB5F364-1933-4E99-A5C0-2DE526F917B5}.Debug|Any CPU.ActiveCfg = Debug|Any CPU
		{0BB5F364-1933-4E99-A5C0-2DE526F917B5}.Debug|Any CPU.Build.0 = Debug|Any CPU
		{0BB5F364-1933-4E99-A5C0-2DE526F917B5}.Release|Any CPU.ActiveCfg = Release|Any CPU
		{0BB5F364-1933-4E99-A5C0-2DE526F917B5}.Release|Any CPU.Build.0 = Release|Any CPU
	EndGlobalSection
	GlobalSection(SolutionProperties) = preSolution
		HideSolutionNode = FALSE
	EndGlobalSection
	GlobalSection(ExtensibilityGlobals) = postSolution
		SolutionGuid = {98371217-1310-4A87-8471-7A88EA3D0A26}
	EndGlobalSection
EndGlobal
